
Microsoft Visual Studio Solution File, Format Version 12.00
Project("{FAE04EC0-301F-11D3-BF4B-00C04F79EFBC}") = "Mission09_ckearl2", "Mission09_ckearl2\Mission09_ckearl2.csproj", "{07BD651A-19B4-49CC-B929-2DA03980E185}"
EndProject
Global
	GlobalSection(SolutionConfigurationPlatforms) = preSolution
		Debug|Any CPU = Debug|Any CPU
		Release|Any CPU = Release|Any CPU
	EndGlobalSection
	GlobalSection(ProjectConfigurationPlatforms) = postSolution
		{07BD651A-19B4-49CC-B929-2DA03980E185}.Debug|Any CPU.ActiveCfg = Debug|Any CPU
		{07BD651A-19B4-49CC-B929-2DA03980E185}.Debug|Any CPU.Build.0 = Debug|Any CPU
		{07BD651A-19B4-49CC-B929-2DA03980E185}.Release|Any CPU.ActiveCfg = Release|Any CPU
		{07BD651A-19B4-49CC-B929-2DA03980E185}.Release|Any CPU.Build.0 = Release|Any CPU
	EndGlobalSection
EndGlobal
